
Microsoft Visual Studio Solution File, Format Version 12.00
# Visual Studio Version 17
VisualStudioVersion = 17.0.32112.339
MinimumVisualStudioVersion = 10.0.40219.1
Project("{FAE04EC0-301F-11D3-BF4B-00C04F79EFBC}") = "ExportandImportExcelSheet", "ExportandImportExcelSheet\ExportandImportExcelSheet.csproj", "{60E994E0-4F7D-4550-BFA3-D4F5204E5FDA}"
EndProject
Global
	GlobalSection(SolutionConfigurationPlatforms) = preSolution
		Debug|Any CPU = Debug|Any CPU
		Release|Any CPU = Release|Any CPU
	EndGlobalSection
	GlobalSection(ProjectConfigurationPlatforms) = postSolution
		{60E994E0-4F7D-4550-BFA3-D4F5204E5FDA}.Debug|Any CPU.ActiveCfg = Debug|Any CPU
		{60E994E0-4F7D-4550-BFA3-D4F5204E5FDA}.Debug|Any CPU.Build.0 = Debug|Any CPU
		{60E994E0-4F7D-4550-BFA3-D4F5204E5FDA}.Release|Any CPU.ActiveCfg = Release|Any CPU
		{60E994E0-4F7D-4550-BFA3-D4F5204E5FDA}.Release|Any CPU.Build.0 = Release|Any CPU
	EndGlobalSection
	GlobalSection(SolutionProperties) = preSolution
		HideSolutionNode = FALSE
	EndGlobalSection
	GlobalSection(ExtensibilityGlobals) = postSolution
		SolutionGuid = {86462B81-E416-4068-8B48-05BC43B8882F}
	EndGlobalSection
EndGlobal
